
Microsoft Visual Studio Solution File, Format Version 12.00
# Visual Studio Version 17
VisualStudioVersion = 17.13.35931.197 d17.13
MinimumVisualStudioVersion = 10.0.40219.1
Project("{FAE04EC0-301F-11D3-BF4B-00C04F79EFBC}") = "task2", "task2\task2.csproj", "{06919D36-2FE8-47F9-A6C9-89E9AE0D0912}"
EndProject
Global
	GlobalSection(SolutionConfigurationPlatforms) = preSolution
		Debug|Any CPU = Debug|Any CPU
		Release|Any CPU = Release|Any CPU
	EndGlobalSection
	GlobalSection(ProjectConfigurationPlatforms) = postSolution
		{06919D36-2FE8-47F9-A6C9-89E9AE0D0912}.Debug|Any CPU.ActiveCfg = Debug|Any CPU
		{06919D36-2FE8-47F9-A6C9-89E9AE0D0912}.Debug|Any CPU.Build.0 = Debug|Any CPU
		{06919D36-2FE8-47F9-A6C9-89E9AE0D0912}.Release|Any CPU.ActiveCfg = Release|Any CPU
		{06919D36-2FE8-47F9-A6C9-89E9AE0D0912}.Release|Any CPU.Build.0 = Release|Any CPU
	EndGlobalSection
	GlobalSection(SolutionProperties) = preSolution
		HideSolutionNode = FALSE
	EndGlobalSection
	GlobalSection(ExtensibilityGlobals) = postSolution
		SolutionGuid = {EA8D3835-2F99-4ED9-808B-2236B3ADC454}
	EndGlobalSection
EndGlobal
